{
  "nodes": {
    "nix-gl-host": {
      "inputs": {
        "nixpkgs": [
          "nixpkgs"
        ]
      },
      "locked": {
        "lastModified": 1707561455,
        "narHash": "sha256-e3EAKVsrmuC4NwEEpAU6nS4LgNoGH/7fgax1eUtxz18=",
        "owner": "numtide",
        "repo": "nix-gl-host",
        "rev": "f0fbe496473e6e1a91492b09d9ae840ad9c81fbe",
        "type": "github"
      },
      "original": {
        "owner": "numtide",
        "repo": "nix-gl-host",
        "type": "github"
      }
    },
    "nixpkgs": {
      "locked": {
        "lastModified": 1712437997,
        "narHash": "sha256-g0whLLwRvgO2FsyhY8fNk+TWenS3jg5UdlWL4uqgFeo=",
        "rev": "e38d7cb66ea4f7a0eb6681920615dfcc30fc2920",
        "revCount": 557273,
        "type": "tarball",
        "url": "https://api.flakehub.com/f/pinned/NixOS/nixpkgs/0.2311.557273%2Brev-e38d7cb66ea4f7a0eb6681920615dfcc30fc2920/018eb89d-a80d-7864-ab79-ecb23a46dd90/source.tar.gz"
      },
      "original": {
        "type": "tarball",
        "url": "https://flakehub.com/f/NixOS/nixpkgs/%2A.tar.gz"
      }
    },
    "root": {
      "inputs": {
        "nix-gl-host": "nix-gl-host",
        "nixpkgs": "nixpkgs"
      }
    }
  },
  "root": "root",
  "version": 7
}
